
Microsoft Visual Studio Solution File, Format Version 12.00
# Visual Studio Version 17
VisualStudioVersion = 17.5.33502.453
MinimumVisualStudioVersion = 10.0.40219.1
Project("{FAE04EC0-301F-11D3-BF4B-00C04F79EFBC}") = "电脑桌面背景上显示姓名", "电脑桌面背景上显示姓名\电脑桌面背景上显示姓名.csproj", "{9D58D414-B109-49B8-B065-4E6EAC9C1CE5}"
EndProject
Global
	GlobalSection(SolutionConfigurationPlatforms) = preSolution
		Debug|Any CPU = Debug|Any CPU
		Release|Any CPU = Release|Any CPU
	EndGlobalSection
	GlobalSection(ProjectConfigurationPlatforms) = postSolution
		{9D58D414-B109-49B8-B065-4E6EAC9C1CE5}.Debug|Any CPU.ActiveCfg = Debug|Any CPU
		{9D58D414-B109-49B8-B065-4E6EAC9C1CE5}.Debug|Any CPU.Build.0 = Debug|Any CPU
		{9D58D414-B109-49B8-B065-4E6EAC9C1CE5}.Release|Any CPU.ActiveCfg = Release|Any CPU
		{9D58D414-B109-49B8-B065-4E6EAC9C1CE5}.Release|Any CPU.Build.0 = Release|Any CPU
	EndGlobalSection
	GlobalSection(SolutionProperties) = preSolution
		HideSolutionNode = FALSE
	EndGlobalSection
	GlobalSection(ExtensibilityGlobals) = postSolution
		SolutionGuid = {B4795BE5-A417-4810-9364-02AC6512BCD0}
	EndGlobalSection
EndGlobal
